// !$*UTF8*$!
{
	archiveVersion = 1;
	classes = {
	};
	objectVersion = 50;
	objects = {

/* Begin PBXBuildFile section */
		96B712C422F8227700A39197 /* AppDelegate.swift in Sources */ = {isa = PBXBuildFile; fileRef = 96B712C322F8227700A39197 /* AppDelegate.swift */; };
		96B712CB22F8227800A39197 /* Assets.xcassets in Resources */ = {isa = PBXBuildFile; fileRef = 96B712CA22F8227800A39197 /* Assets.xcassets */; };
		96B712CE22F8227800A39197 /* LaunchScreen.storyboard in Resources */ = {isa = PBXBuildFile; fileRef = 96B712CC22F8227800A39197 /* LaunchScreen.storyboard */; };
		96B712DB22F83A2C00A39197 /* MainViewController.swift in Sources */ = {isa = PBXBuildFile; fileRef = 96B712D922F83A2C00A39197 /* MainViewController.swift */; };
		96B712DC22F83A2C00A39197 /* MainViewController.xib in Resources */ = {isa = PBXBuildFile; fileRef = 96B712DA22F83A2C00A39197 /* MainViewController.xib */; };
/* End PBXBuildFile section */

/* Begin PBXFileReference section */
		96B712C022F8227700A39197 /* Nori Network Service.app */ = {isa = PBXFileReference; explicitFileType = wrapper.application; includeInIndex = 0; path = "Nori Network Service.app"; sourceTree = BUILT_PRODUCTS_DIR; };
		96B712C322F8227700A39197 /* AppDelegate.swift */ = {isa = PBXFileReference; lastKnownFileType = sourcecode.swift; path = AppDelegate.swift; sourceTree = "<group>"; };
		96B712CA22F8227800A39197 /* Assets.xcassets */ = {isa = PBXFileReference; lastKnownFileType = folder.assetcatalog; path = Assets.xcassets; sourceTree = "<group>"; };
		96B712CD22F8227800A39197 /* Base */ = {isa = PBXFileReference; lastKnownFileType = file.storyboard; name = Base; path = Base.lproj/LaunchScreen.storyboard; sourceTree = "<group>"; };
		96B712CF22F8227800A39197 /* Info.plist */ = {isa = PBXFileReference; lastKnownFileType = text.plist.xml; path = Info.plist; sourceTree = "<group>"; };
		96B712D922F83A2C00A39197 /* MainViewController.swift */ = {isa = PBXFileReference; lastKnownFileType = sourcecode.swift; path = MainViewController.swift; sourceTree = "<group>"; };
		96B712DA22F83A2C00A39197 /* MainViewController.xib */ = {isa = PBXFileReference; lastKnownFileType = file.xib; path = MainViewController.xib; sourceTree = "<group>"; };
/* End PBXFileReference section */

/* Begin PBXFrameworksBuildPhase section */
		96B712BD22F8227700A39197 /* Frameworks */ = {
			isa = PBXFrameworksBuildPhase;
			buildActionMask = 2147483647;
			files = (
			);
			runOnlyForDeploymentPostprocessing = 0;
		};
/* End PBXFrameworksBuildPhase section */

/* Begin PBXGroup section */
		96B712B722F8227700A39197 = {
			isa = PBXGroup;
			children = (
				96B712D622F839AF00A39197 /* Sources */,
				96B712D522F8379500A39197 /* Resources */,
				96B712C222F8227700A39197 /* Nori Network Service */,
				96B712C122F8227700A39197 /* Products */,
			);
			sourceTree = "<group>";
		};
		96B712C122F8227700A39197 /* Products */ = {
			isa = PBXGroup;
			children = (
				96B712C022F8227700A39197 /* Nori Network Service.app */,
			);
			name = Products;
			sourceTree = "<group>";
		};
		96B712C222F8227700A39197 /* Nori Network Service */ = {
			isa = PBXGroup;
			children = (
				96B712C322F8227700A39197 /* AppDelegate.swift */,
				96B712CC22F8227800A39197 /* LaunchScreen.storyboard */,
				96B712CF22F8227800A39197 /* Info.plist */,
			);
			path = "Nori Network Service";
			sourceTree = "<group>";
		};
		96B712D522F8379500A39197 /* Resources */ = {
			isa = PBXGroup;
			children = (
				96B712CA22F8227800A39197 /* Assets.xcassets */,
			);
			path = Resources;
			sourceTree = "<group>";
		};
		96B712D622F839AF00A39197 /* Sources */ = {
			isa = PBXGroup;
			children = (
				96B712D722F839F700A39197 /* UI */,
			);
			path = Sources;
			sourceTree = "<group>";
		};
		96B712D722F839F700A39197 /* UI */ = {
			isa = PBXGroup;
			children = (
				96B712D822F83A0500A39197 /* MainViewController */,
			);
			path = UI;
			sourceTree = "<group>";
		};
		96B712D822F83A0500A39197 /* MainViewController */ = {
			isa = PBXGroup;
			children = (
				96B712D922F83A2C00A39197 /* MainViewController.swift */,
				96B712DA22F83A2C00A39197 /* MainViewController.xib */,
			);
			path = MainViewController;
			sourceTree = "<group>";
		};
/* End PBXGroup section */

/* Begin PBXNativeTarget section */
		96B712BF22F8227700A39197 /* Nori Network Service */ = {
			isa = PBXNativeTarget;
			buildConfigurationList = 96B712D222F8227800A39197 /* Build configuration list for PBXNativeTarget "Nori Network Service" */;
			buildPhases = (
				96B712BC22F8227700A39197 /* Sources */,
				96B712BD22F8227700A39197 /* Frameworks */,
				96B712BE22F8227700A39197 /* Resources */,
			);
			buildRules = (
			);
			dependencies = (
			);
			name = "Nori Network Service";
			productName = "Nori Network Service";
			productReference = 96B712C022F8227700A39197 /* Nori Network Service.app */;
			productType = "com.apple.product-type.application";
		};
/* End PBXNativeTarget section */

/* Begin PBXProject section */
		96B712B822F8227700A39197 /* Project object */ = {
			isa = PBXProject;
			attributes = {
				LastSwiftUpdateCheck = 1020;
				LastUpgradeCheck = 1020;
				ORGANIZATIONNAME = Bendis;
				TargetAttributes = {
					96B712BF22F8227700A39197 = {
						CreatedOnToolsVersion = 10.2.1;
					};
				};
			};
			buildConfigurationList = 96B712BB22F8227700A39197 /* Build configuration list for PBXProject "Nori Network Service" */;
			compatibilityVersion = "Xcode 9.3";
			developmentRegion = en;
			hasScannedForEncodings = 0;
			knownRegions = (
				en,
				Base,
			);
			mainGroup = 96B712B722F8227700A39197;
			productRefGroup = 96B712C122F8227700A39197 /* Products */;
			projectDirPath = "";
			projectRoot = "";
			targets = (
				96B712BF22F8227700A39197 /* Nori Network Service */,
			);
		};
/* End PBXProject section */

/* Begin PBXResourcesBuildPhase section */
		96B712BE22F8227700A39197 /* Resources */ = {
			isa = PBXResourcesBuildPhase;
			buildActionMask = 2147483647;
			files = (
				96B712CE22F8227800A39197 /* LaunchScreen.storyboard in Resources */,
				96B712DC22F83A2C00A39197 /* MainViewController.xib in Resources */,
				96B712CB22F8227800A39197 /* Assets.xcassets in Resources */,
			);
			runOnlyForDeploymentPostprocessing = 0;
		};
/* End PBXResourcesBuildPhase section */

/* Begin PBXSourcesBuildPhase section */
		96B712BC22F8227700A39197 /* Sources */ = {
			isa = PBXSourcesBuildPhase;
			buildActionMask = 2147483647;
			files = (
				96B712C422F8227700A39197 /* AppDelegate.swift in Sources */,
				96B712DB22F83A2C00A39197 /* MainViewController.swift in Sources */,
			);
			runOnlyForDeploymentPostprocessing = 0;
		};
/* End PBXSourcesBuildPhase section */

/* Begin PBXVariantGroup section */
		96B712CC22F8227800A39197 /* LaunchScreen.storyboard */ = {
			isa = PBXVariantGroup;
			children = (
				96B712CD22F8227800A39197 /* Base */,
			);
			name = LaunchScreen.storyboard;
			sourceTree = "<group>";
		};
/* End PBXVariantGroup section */

/* Begin XCBuildConfiguration section */
		96B712D022F8227800A39197 /* Debug */ = {
			isa = XCBuildConfiguration;
			buildSettings = {
				ALWAYS_SEARCH_USER_PATHS = NO;
				CLANG_ANALYZER_NONNULL = YES;
				CLANG_ANALYZER_NUMBER_OBJECT_CONVERSION = YES_AGGRESSIVE;
				CLANG_CXX_LANGUAGE_STANDARD = "gnu++14";
				CLANG_CXX_LIBRARY = "libc++";
				CLANG_ENABLE_MODULES = YES;
				CLANG_ENABLE_OBJC_ARC = YES;
				CLANG_ENABLE_OBJC_WEAK = YES;
				CLANG_WARN_BLOCK_CAPTURE_AUTORELEASING = YES;
				CLANG_WARN_BOOL_CONVERSION = YES;
				CLANG_WARN_COMMA = YES;
				CLANG_WARN_CONSTANT_CONVERSION = YES;
				CLANG_WARN_DEPRECATED_OBJC_IMPLEMENTATIONS = YES;
				CLANG_WARN_DIRECT_OBJC_ISA_USAGE = YES_ERROR;
				CLANG_WARN_DOCUMENTATION_COMMENTS = YES;
				CLANG_WARN_EMPTY_BODY = YES;
				CLANG_WARN_ENUM_CONVERSION = YES;
				CLANG_WARN_INFINITE_RECURSION = YES;
				CLANG_WARN_INT_CONVERSION = YES;
				CLANG_WARN_NON_LITERAL_NULL_CONVERSION = YES;
				CLANG_WARN_OBJC_IMPLICIT_RETAIN_SELF = YES;
				CLANG_WARN_OBJC_LITERAL_CONVERSION = YES;
				CLANG_WARN_OBJC_ROOT_CLASS = YES_ERROR;
				CLANG_WARN_RANGE_LOOP_ANALYSIS = YES;
				CLANG_WARN_STRICT_PROTOTYPES = YES;
				CLANG_WARN_SUSPICIOUS_MOVE = YES;
				CLANG_WARN_UNGUARDED_AVAILABILITY = YES_AGGRESSIVE;
				CLANG_WARN_UNREACHABLE_CODE = YES;
				CLANG_WARN__DUPLICATE_METHOD_MATCH = YES;
				CODE_SIGN_IDENTITY = "iPhone Developer";
				COPY_PHASE_STRIP = NO;
				DEBUG_INFORMATION_FORMAT = dwarf;
				ENABLE_STRICT_OBJC_MSGSEND = YES;
				ENABLE_TESTABILITY = YES;
				GCC_C_LANGUAGE_STANDARD = gnu11;
				GCC_DYNAMIC_NO_PIC = NO;
				GCC_NO_COMMON_BLOCKS = YES;
				GCC_OPTIMIZATION_LEVEL = 0;
				GCC_PREPROCESSOR_DEFINITIONS = (
					"DEBUG=1",
					"$(inherited)",
				);
				GCC_WARN_64_TO_32_BIT_CONVERSION = YES;
				GCC_WARN_ABOUT_RETURN_TYPE = YES_ERROR;
				GCC_WARN_UNDECLARED_SELECTOR = YES;
				GCC_WARN_UNINITIALIZED_AUTOS = YES_AGGRESSIVE;
				GCC_WARN_UNUSED_FUNCTION = YES;
				GCC_WARN_UNUSED_VARIABLE = YES;
				IPHONEOS_DEPLOYMENT_TARGET = 12.2;
				MTL_ENABLE_DEBUG_INFO = INCLUDE_SOURCE;
				MTL_FAST_MATH = YES;
				ONLY_ACTIVE_ARCH = YES;
				SDKROOT = iphoneos;
				SWIFT_ACTIVE_COMPILATION_CONDITIONS = DEBUG;
				SWIFT_OPTIMIZATION_LEVEL = "-Onone";
			};
			name = Debug;
		};
		96B712D122F8227800A39197 /* Release */ = {
			isa = XCBuildConfiguration;
			buildSettings = {
				ALWAYS_SEARCH_USER_PATHS = NO;
				CLANG_ANALYZER_NONNULL = YES;
				CLANG_ANALYZER_NUMBER_OBJECT_CONVERSION = YES_AGGRESSIVE;
				CLANG_CXX_LANGUAGE_STANDARD = "gnu++14";
				CLANG_CXX_LIBRARY = "libc++";
				CLANG_ENABLE_MODULES = YES;
				CLANG_ENABLE_OBJC_ARC = YES;
				CLANG_ENABLE_OBJC_WEAK = YES;
				CLANG_WARN_BLOCK_CAPTURE_AUTORELEASING = YES;
				CLANG_WARN_BOOL_CONVERSION = YES;
				CLANG_WARN_COMMA = YES;
				CLANG_WARN_CONSTANT_CONVERSION = YES;
				CLANG_WARN_DEPRECATED_OBJC_IMPLEMENTATIONS = YES;
				CLANG_WARN_DIRECT_OBJC_ISA_USAGE = YES_ERROR;
				CLANG_WARN_DOCUMENTATION_COMMENTS = YES;
				CLANG_WARN_EMPTY_BODY = YES;
				CLANG_WARN_ENUM_CONVERSION = YES;
				CLANG_WARN_INFINITE_RECURSION = YES;
				CLANG_WARN_INT_CONVERSION = YES;
				CLANG_WARN_NON_LITERAL_NULL_CONVERSION = YES;
				CLANG_WARN_OBJC_IMPLICIT_RETAIN_SELF = YES;
				CLANG_WARN_OBJC_LITERAL_CONVERSION = YES;
				CLANG_WARN_OBJC_ROOT_CLASS = YES_ERROR;
				CLANG_WARN_RANGE_LOOP_ANALYSIS = YES;
				CLANG_WARN_STRICT_PROTOTYPES = YES;
				CLANG_WARN_SUSPICIOUS_MOVE = YES;
				CLANG_WARN_UNGUARDED_AVAILABILITY = YES_AGGRESSIVE;
				CLANG_WARN_UNREACHABLE_CODE = YES;
				CLANG_WARN__DUPLICATE_METHOD_MATCH = YES;
				CODE_SIGN_IDENTITY = "iPhone Developer";
				COPY_PHASE_STRIP = NO;
				DEBUG_INFORMATION_FORMAT = "dwarf-with-dsym";
				ENABLE_NS_ASSERTIONS = NO;
				ENABLE_STRICT_OBJC_MSGSEND = YES;
				GCC_C_LANGUAGE_STANDARD = gnu11;
				GCC_NO_COMMON_BLOCKS = YES;
				GCC_WARN_64_TO_32_BIT_CONVERSION = YES;
				GCC_WARN_ABOUT_RETURN_TYPE = YES_ERROR;
				GCC_WARN_UNDECLARED_SELECTOR = YES;
				GCC_WARN_UNINITIALIZED_AUTOS = YES_AGGRESSIVE;
				GCC_WARN_UNUSED_FUNCTION = YES;
				GCC_WARN_UNUSED_VARIABLE = YES;
				IPHONEOS_DEPLOYMENT_TARGET = 12.2;
				MTL_ENABLE_DEBUG_INFO = NO;
				MTL_FAST_MATH = YES;
				SDKROOT = iphoneos;
				SWIFT_COMPILATION_MODE = wholemodule;
				SWIFT_OPTIMIZATION_LEVEL = "-O";
				VALIDATE_PRODUCT = YES;
			};
			name = Release;
		};
		96B712D322F8227800A39197 /* Debug */ = {
			isa = XCBuildConfiguration;
			buildSettings = {
				ASSETCATALOG_COMPILER_APPICON_NAME = AppIcon;
				CODE_SIGN_STYLE = Automatic;
				INFOPLIST_FILE = "Nori Network Service/Info.plist";
				LD_RUNPATH_SEARCH_PATHS = (
					"$(inherited)",
					"@executable_path/Frameworks",
				);
				PRODUCT_BUNDLE_IDENTIFIER = "com.bendis.Nori-Network-Service";
				PRODUCT_NAME = "$(TARGET_NAME)";
				SWIFT_VERSION = 5.0;
				TARGETED_DEVICE_FAMILY = "1,2";
			};
			name = Debug;
		};
		96B712D422F8227800A39197 /* Release */ = {
			isa = XCBuildConfiguration;
			buildSettings = {
				ASSETCATALOG_COMPILER_APPICON_NAME = AppIcon;
				CODE_SIGN_STYLE = Automatic;
				INFOPLIST_FILE = "Nori Network Service/Info.plist";
				LD_RUNPATH_SEARCH_PATHS = (
					"$(inherited)",
					"@executable_path/Frameworks",
				);
				PRODUCT_BUNDLE_IDENTIFIER = "com.bendis.Nori-Network-Service";
				PRODUCT_NAME = "$(TARGET_NAME)";
				SWIFT_VERSION = 5.0;
				TARGETED_DEVICE_FAMILY = "1,2";
			};
			name = Release;
		};
/* End XCBuildConfiguration section */

/* Begin XCConfigurationList section */
		96B712BB22F8227700A39197 /* Build configuration list for PBXProject "Nori Network Service" */ = {
			isa = XCConfigurationList;
			buildConfigurations = (
				96B712D022F8227800A39197 /* Debug */,
				96B712D122F8227800A39197 /* Release */,
			);
			defaultConfigurationIsVisible = 0;
			defaultConfigurationName = Release;
		};
		96B712D222F8227800A39197 /* Build configuration list for PBXNativeTarget "Nori Network Service" */ = {
			isa = XCConfigurationList;
			buildConfigurations = (
				96B712D322F8227800A39197 /* Debug */,
				96B712D422F8227800A39197 /* Release */,
			);
			defaultConfigurationIsVisible = 0;
			defaultConfigurationName = Release;
		};
/* End XCConfigurationList section */
	};
	rootObject = 96B712B822F8227700A39197 /* Project object */;
}
